
Microsoft Visual Studio Solution File, Format Version 12.00
# Visual Studio Version 17
VisualStudioVersion = 17.7.34031.279
MinimumVisualStudioVersion = 10.0.40219.1
Project("{FAE04EC0-301F-11D3-BF4B-00C04F79EFBC}") = "Gateway", "Gateway\Gateway.csproj", "{14AA9C37-BC24-4DA7-B141-A971ED5FBB65}"
EndProject
Global
	GlobalSection(SolutionConfigurationPlatforms) = preSolution
		Debug|Any CPU = Debug|Any CPU
		Release|Any CPU = Release|Any CPU
	EndGlobalSection
	GlobalSection(ProjectConfigurationPlatforms) = postSolution
		{14AA9C37-BC24-4DA7-B141-A971ED5FBB65}.Debug|Any CPU.ActiveCfg = Debug|Any CPU
		{14AA9C37-BC24-4DA7-B141-A971ED5FBB65}.Debug|Any CPU.Build.0 = Debug|Any CPU
		{14AA9C37-BC24-4DA7-B141-A971ED5FBB65}.Release|Any CPU.ActiveCfg = Release|Any CPU
		{14AA9C37-BC24-4DA7-B141-A971ED5FBB65}.Release|Any CPU.Build.0 = Release|Any CPU
	EndGlobalSection
	GlobalSection(SolutionProperties) = preSolution
		HideSolutionNode = FALSE
	EndGlobalSection
	GlobalSection(ExtensibilityGlobals) = postSolution
		SolutionGuid = {EBBD2B9B-308C-4507-94FC-2D20AFC1C083}
	EndGlobalSection
EndGlobal
